// !$*UTF8*$!
{
	archiveVersion = 1;
	classes = {
	};
	objectVersion = 48;
	objects = {

/* Begin PBXBuildFile section */
		1BBBA85C2043F46700648F0B /* AppDelegate.m in Sources */ = {isa = PBXBuildFile; fileRef = 1BBBA85B2043F46700648F0B /* AppDelegate.m */; };
		1BBBA85F2043F46700648F0B /* ViewController.m in Sources */ = {isa = PBXBuildFile; fileRef = 1BBBA85E2043F46700648F0B /* ViewController.m */; };
		1BBBA8622043F46700648F0B /* Main.storyboard in Resources */ = {isa = PBXBuildFile; fileRef = 1BBBA8602043F46700648F0B /* Main.storyboard */; };
		1BBBA8642043F46700648F0B /* Assets.xcassets in Resources */ = {isa = PBXBuildFile; fileRef = 1BBBA8632043F46700648F0B /* Assets.xcassets */; };
		1BBBA8672043F46700648F0B /* LaunchScreen.storyboard in Resources */ = {isa = PBXBuildFile; fileRef = 1BBBA8652043F46700648F0B /* LaunchScreen.storyboard */; };
		1BBBA86A2043F46700648F0B /* main.m in Sources */ = {isa = PBXBuildFile; fileRef = 1BBBA8692043F46700648F0B /* main.m */; };
		1BBBA8852043F52C00648F0B /* libMyBook.a in Frameworks */ = {isa = PBXBuildFile; fileRef = 1BBBA8862043F52C00648F0B /* libMyBook.a */; };
		BBCE92CEBA670E0227544876 /* Pods_MyWork.framework in Frameworks */ = {isa = PBXBuildFile; fileRef = A1E4B18E1F3D8366FD94F500 /* Pods_MyWork.framework */; };
/* End PBXBuildFile section */

/* Begin PBXFileReference section */
		1BBBA8572043F46700648F0B /* MyWork.app */ = {isa = PBXFileReference; explicitFileType = wrapper.application; includeInIndex = 0; path = MyWork.app; sourceTree = BUILT_PRODUCTS_DIR; };
		1BBBA85A2043F46700648F0B /* AppDelegate.h */ = {isa = PBXFileReference; lastKnownFileType = sourcecode.c.h; path = AppDelegate.h; sourceTree = "<group>"; };
		1BBBA85B2043F46700648F0B /* AppDelegate.m */ = {isa = PBXFileReference; lastKnownFileType = sourcecode.c.objc; path = AppDelegate.m; sourceTree = "<group>"; };
		1BBBA85D2043F46700648F0B /* ViewController.h */ = {isa = PBXFileReference; lastKnownFileType = sourcecode.c.h; path = ViewController.h; sourceTree = "<group>"; };
		1BBBA85E2043F46700648F0B /* ViewController.m */ = {isa = PBXFileReference; lastKnownFileType = sourcecode.c.objc; path = ViewController.m; sourceTree = "<group>"; };
		1BBBA8612043F46700648F0B /* Base */ = {isa = PBXFileReference; lastKnownFileType = file.storyboard; name = Base; path = Base.lproj/Main.storyboard; sourceTree = "<group>"; };
		1BBBA8632043F46700648F0B /* Assets.xcassets */ = {isa = PBXFileReference; lastKnownFileType = folder.assetcatalog; path = Assets.xcassets; sourceTree = "<group>"; };
		1BBBA8662043F46700648F0B /* Base */ = {isa = PBXFileReference; lastKnownFileType = file.storyboard; name = Base; path = Base.lproj/LaunchScreen.storyboard; sourceTree = "<group>"; };
		1BBBA8682043F46700648F0B /* Info.plist */ = {isa = PBXFileReference; lastKnownFileType = text.plist.xml; path = Info.plist; sourceTree = "<group>"; };
		1BBBA8692043F46700648F0B /* main.m */ = {isa = PBXFileReference; lastKnownFileType = sourcecode.c.objc; path = main.m; sourceTree = "<group>"; };
		1BBBA8862043F52C00648F0B /* libMyBook.a */ = {isa = PBXFileReference; explicitFileType = archive.ar; path = libMyBook.a; sourceTree = BUILT_PRODUCTS_DIR; };
		878BE657FADD9B39846286E3 /* Pods-MyWork.release.xcconfig */ = {isa = PBXFileReference; includeInIndex = 1; lastKnownFileType = text.xcconfig; name = "Pods-MyWork.release.xcconfig"; path = "Pods/Target Support Files/Pods-MyWork/Pods-MyWork.release.xcconfig"; sourceTree = "<group>"; };
		A1E4B18E1F3D8366FD94F500 /* Pods_MyWork.framework */ = {isa = PBXFileReference; explicitFileType = wrapper.framework; includeInIndex = 0; path = Pods_MyWork.framework; sourceTree = BUILT_PRODUCTS_DIR; };
		E800EE2240CFEAC7FB2D6D2B /* Pods-MyWork.debug.xcconfig */ = {isa = PBXFileReference; includeInIndex = 1; lastKnownFileType = text.xcconfig; name = "Pods-MyWork.debug.xcconfig"; path = "Pods/Target Support Files/Pods-MyWork/Pods-MyWork.debug.xcconfig"; sourceTree = "<group>"; };
/* End PBXFileReference section */

/* Begin PBXFrameworksBuildPhase section */
		1BBBA8542043F46700648F0B /* Frameworks */ = {
			isa = PBXFrameworksBuildPhase;
			buildActionMask = 2147483647;
			files = (
				1BBBA8852043F52C00648F0B /* libMyBook.a in Frameworks */,
				BBCE92CEBA670E0227544876 /* Pods_MyWork.framework in Frameworks */,
			);
			runOnlyForDeploymentPostprocessing = 0;
		};
/* End PBXFrameworksBuildPhase section */

/* Begin PBXGroup section */
		0CE4D095744B5F6A6C4DD99C /* Pods */ = {
			isa = PBXGroup;
			children = (
				E800EE2240CFEAC7FB2D6D2B /* Pods-MyWork.debug.xcconfig */,
				878BE657FADD9B39846286E3 /* Pods-MyWork.release.xcconfig */,
			);
			name = Pods;
			sourceTree = "<group>";
		};
		1BBBA84E2043F46700648F0B = {
			isa = PBXGroup;
			children = (
				1BBBA8592043F46700648F0B /* MyWork */,
				1BBBA8582043F46700648F0B /* Products */,
				0CE4D095744B5F6A6C4DD99C /* Pods */,
				C56C00BB11B3D992ABB93C55 /* Frameworks */,
			);
			sourceTree = "<group>";
		};
		1BBBA8582043F46700648F0B /* Products */ = {
			isa = PBXGroup;
			children = (
				1BBBA8572043F46700648F0B /* MyWork.app */,
			);
			name = Products;
			sourceTree = "<group>";
		};
		1BBBA8592043F46700648F0B /* MyWork */ = {
			isa = PBXGroup;
			children = (
				1BBBA85A2043F46700648F0B /* AppDelegate.h */,
				1BBBA85B2043F46700648F0B /* AppDelegate.m */,
				1BBBA85D2043F46700648F0B /* ViewController.h */,
				1BBBA85E2043F46700648F0B /* ViewController.m */,
				1BBBA8602043F46700648F0B /* Main.storyboard */,
				1BBBA8632043F46700648F0B /* Assets.xcassets */,
				1BBBA8652043F46700648F0B /* LaunchScreen.storyboard */,
				1BBBA8682043F46700648F0B /* Info.plist */,
				1BBBA8692043F46700648F0B /* main.m */,
			);
			path = MyWork;
			sourceTree = "<group>";
		};
		C56C00BB11B3D992ABB93C55 /* Frameworks */ = {
			isa = PBXGroup;
			children = (
				1BBBA8862043F52C00648F0B /* libMyBook.a */,
				A1E4B18E1F3D8366FD94F500 /* Pods_MyWork.framework */,
			);
			name = Frameworks;
			sourceTree = "<group>";
		};
/* End PBXGroup section */

/* Begin PBXNativeTarget section */
		1BBBA8562043F46700648F0B /* MyWork */ = {
			isa = PBXNativeTarget;
			buildConfigurationList = 1BBBA86D2043F46700648F0B /* Build configuration list for PBXNativeTarget "MyWork" */;
			buildPhases = (
				0137BF692F7EAD328C60E20E /* [CP] Check Pods Manifest.lock */,
				1BBBA8532043F46700648F0B /* Sources */,
				1BBBA8542043F46700648F0B /* Frameworks */,
				1BBBA8552043F46700648F0B /* Resources */,
				C0450673B040EB085465CDC8 /* [CP] Embed Pods Frameworks */,
				F9A91B2B40D6E2007D76F8CE /* [CP] Copy Pods Resources */,
			);
			buildRules = (
			);
			dependencies = (
			);
			name = MyWork;
			productName = MyWork;
			productReference = 1BBBA8572043F46700648F0B /* MyWork.app */;
			productType = "com.apple.product-type.application";
		};
/* End PBXNativeTarget section */

/* Begin PBXProject section */
		1BBBA84F2043F46700648F0B /* Project object */ = {
			isa = PBXProject;
			attributes = {
				LastUpgradeCheck = 0920;
				ORGANIZATIONNAME = "蔡成汉";
				TargetAttributes = {
					1BBBA8562043F46700648F0B = {
						CreatedOnToolsVersion = 9.2;
						ProvisioningStyle = Automatic;
					};
				};
			};
			buildConfigurationList = 1BBBA8522043F46700648F0B /* Build configuration list for PBXProject "MyWork" */;
			compatibilityVersion = "Xcode 8.0";
			developmentRegion = en;
			hasScannedForEncodings = 0;
			knownRegions = (
				en,
				Base,
			);
			mainGroup = 1BBBA84E2043F46700648F0B;
			productRefGroup = 1BBBA8582043F46700648F0B /* Products */;
			projectDirPath = "";
			projectRoot = "";
			targets = (
				1BBBA8562043F46700648F0B /* MyWork */,
			);
		};
/* End PBXProject section */

/* Begin PBXResourcesBuildPhase section */
		1BBBA8552043F46700648F0B /* Resources */ = {
			isa = PBXResourcesBuildPhase;
			buildActionMask = 2147483647;
			files = (
				1BBBA8672043F46700648F0B /* LaunchScreen.storyboard in Resources */,
				1BBBA8642043F46700648F0B /* Assets.xcassets in Resources */,
				1BBBA8622043F46700648F0B /* Main.storyboard in Resources */,
			);
			runOnlyForDeploymentPostprocessing = 0;
		};
/* End PBXResourcesBuildPhase section */

/* Begin PBXShellScriptBuildPhase section */
		0137BF692F7EAD328C60E20E /* [CP] Check Pods Manifest.lock */ = {
			isa = PBXShellScriptBuildPhase;
			buildActionMask = 2147483647;
			files = (
			);
			inputPaths = (
				"${PODS_PODFILE_DIR_PATH}/Podfile.lock",
				"${PODS_ROOT}/Manifest.lock",
			);
			name = "[CP] Check Pods Manifest.lock";
			outputPaths = (
				"$(DERIVED_FILE_DIR)/Pods-MyWork-checkManifestLockResult.txt",
			);
			runOnlyForDeploymentPostprocessing = 0;
			shellPath = /bin/sh;
			shellScript = "diff \"${PODS_PODFILE_DIR_PATH}/Podfile.lock\" \"${PODS_ROOT}/Manifest.lock\" > /dev/null\nif [ $? != 0 ] ; then\n    # print error to STDERR\n    echo \"error: The sandbox is not in sync with the Podfile.lock. Run 'pod install' or update your CocoaPods installation.\" >&2\n    exit 1\nfi\n# This output is used by Xcode 'outputs' to avoid re-running this script phase.\necho \"SUCCESS\" > \"${SCRIPT_OUTPUT_FILE_0}\"\n";
			showEnvVarsInLog = 0;
		};
		C0450673B040EB085465CDC8 /* [CP] Embed Pods Frameworks */ = {
			isa = PBXShellScriptBuildPhase;
			buildActionMask = 2147483647;
			files = (
			);
			inputPaths = (
				"${SRCROOT}/Pods/Target Support Files/Pods-MyWork/Pods-MyWork-frameworks.sh",
				"${BUILT_PRODUCTS_DIR}/Addition/Addition.framework",
			);
			name = "[CP] Embed Pods Frameworks";
			outputPaths = (
				"${TARGET_BUILD_DIR}/${FRAMEWORKS_FOLDER_PATH}/Addition.framework",
			);
			runOnlyForDeploymentPostprocessing = 0;
			shellPath = /bin/sh;
			shellScript = "\"${SRCROOT}/Pods/Target Support Files/Pods-MyWork/Pods-MyWork-frameworks.sh\"\n";
			showEnvVarsInLog = 0;
		};
		F9A91B2B40D6E2007D76F8CE /* [CP] Copy Pods Resources */ = {
			isa = PBXShellScriptBuildPhase;
			buildActionMask = 2147483647;
			files = (
			);
			inputPaths = (
			);
			name = "[CP] Copy Pods Resources";
			outputPaths = (
			);
			runOnlyForDeploymentPostprocessing = 0;
			shellPath = /bin/sh;
			shellScript = "\"${SRCROOT}/Pods/Target Support Files/Pods-MyWork/Pods-MyWork-resources.sh\"\n";
			showEnvVarsInLog = 0;
		};
/* End PBXShellScriptBuildPhase section */

/* Begin PBXSourcesBuildPhase section */
		1BBBA8532043F46700648F0B /* Sources */ = {
			isa = PBXSourcesBuildPhase;
			buildActionMask = 2147483647;
			files = (
				1BBBA85F2043F46700648F0B /* ViewController.m in Sources */,
				1BBBA86A2043F46700648F0B /* main.m in Sources */,
				1BBBA85C2043F46700648F0B /* AppDelegate.m in Sources */,
			);
			runOnlyForDeploymentPostprocessing = 0;
		};
/* End PBXSourcesBuildPhase section */

/* Begin PBXVariantGroup section */
		1BBBA8602043F46700648F0B /* Main.storyboard */ = {
			isa = PBXVariantGroup;
			children = (
				1BBBA8612043F46700648F0B /* Base */,
			);
			name = Main.storyboard;
			sourceTree = "<group>";
		};
		1BBBA8652043F46700648F0B /* LaunchScreen.storyboard */ = {
			isa = PBXVariantGroup;
			children = (
				1BBBA8662043F46700648F0B /* Base */,
			);
			name = LaunchScreen.storyboard;
			sourceTree = "<group>";
		};
/* End PBXVariantGroup section */

/* Begin XCBuildConfiguration section */
		1BBBA86B2043F46700648F0B /* Debug */ = {
			isa = XCBuildConfiguration;
			buildSettings = {
				ALWAYS_SEARCH_USER_PATHS = NO;
				CLANG_ANALYZER_NONNULL = YES;
				CLANG_ANALYZER_NUMBER_OBJECT_CONVERSION = YES_AGGRESSIVE;
				CLANG_CXX_LANGUAGE_STANDARD = "gnu++14";
				CLANG_CXX_LIBRARY = "libc++";
				CLANG_ENABLE_MODULES = YES;
				CLANG_ENABLE_OBJC_ARC = YES;
				CLANG_WARN_BLOCK_CAPTURE_AUTORELEASING = YES;
				CLANG_WARN_BOOL_CONVERSION = YES;
				CLANG_WARN_COMMA = YES;
				CLANG_WARN_CONSTANT_CONVERSION = YES;
				CLANG_WARN_DIRECT_OBJC_ISA_USAGE = YES_ERROR;
				CLANG_WARN_DOCUMENTATION_COMMENTS = YES;
				CLANG_WARN_EMPTY_BODY = YES;
				CLANG_WARN_ENUM_CONVERSION = YES;
				CLANG_WARN_INFINITE_RECURSION = YES;
				CLANG_WARN_INT_CONVERSION = YES;
				CLANG_WARN_NON_LITERAL_NULL_CONVERSION = YES;
				CLANG_WARN_OBJC_LITERAL_CONVERSION = YES;
				CLANG_WARN_OBJC_ROOT_CLASS = YES_ERROR;
				CLANG_WARN_RANGE_LOOP_ANALYSIS = YES;
				CLANG_WARN_STRICT_PROTOTYPES = YES;
				CLANG_WARN_SUSPICIOUS_MOVE = YES;
				CLANG_WARN_UNGUARDED_AVAILABILITY = YES_AGGRESSIVE;
				CLANG_WARN_UNREACHABLE_CODE = YES;
				CLANG_WARN__DUPLICATE_METHOD_MATCH = YES;
				CODE_SIGN_IDENTITY = "iPhone Developer";
				COPY_PHASE_STRIP = NO;
				DEBUG_INFORMATION_FORMAT = dwarf;
				ENABLE_STRICT_OBJC_MSGSEND = YES;
				ENABLE_TESTABILITY = YES;
				GCC_C_LANGUAGE_STANDARD = gnu11;
				GCC_DYNAMIC_NO_PIC = NO;
				GCC_NO_COMMON_BLOCKS = YES;
				GCC_OPTIMIZATION_LEVEL = 0;
				GCC_PREPROCESSOR_DEFINITIONS = (
					"DEBUG=1",
					"$(inherited)",
				);
				GCC_WARN_64_TO_32_BIT_CONVERSION = YES;
				GCC_WARN_ABOUT_RETURN_TYPE = YES_ERROR;
				GCC_WARN_UNDECLARED_SELECTOR = YES;
				GCC_WARN_UNINITIALIZED_AUTOS = YES_AGGRESSIVE;
				GCC_WARN_UNUSED_FUNCTION = YES;
				GCC_WARN_UNUSED_VARIABLE = YES;
				IPHONEOS_DEPLOYMENT_TARGET = 11.2;
				MTL_ENABLE_DEBUG_INFO = YES;
				ONLY_ACTIVE_ARCH = YES;
				SDKROOT = iphoneos;
			};
			name = Debug;
		};
		1BBBA86C2043F46700648F0B /* Release */ = {
			isa = XCBuildConfiguration;
			buildSettings = {
				ALWAYS_SEARCH_USER_PATHS = NO;
				CLANG_ANALYZER_NONNULL = YES;
				CLANG_ANALYZER_NUMBER_OBJECT_CONVERSION = YES_AGGRESSIVE;
				CLANG_CXX_LANGUAGE_STANDARD = "gnu++14";
				CLANG_CXX_LIBRARY = "libc++";
				CLANG_ENABLE_MODULES = YES;
				CLANG_ENABLE_OBJC_ARC = YES;
				CLANG_WARN_BLOCK_CAPTURE_AUTORELEASING = YES;
				CLANG_WARN_BOOL_CONVERSION = YES;
				CLANG_WARN_COMMA = YES;
				CLANG_WARN_CONSTANT_CONVERSION = YES;
				CLANG_WARN_DIRECT_OBJC_ISA_USAGE = YES_ERROR;
				CLANG_WARN_DOCUMENTATION_COMMENTS = YES;
				CLANG_WARN_EMPTY_BODY = YES;
				CLANG_WARN_ENUM_CONVERSION = YES;
				CLANG_WARN_INFINITE_RECURSION = YES;
				CLANG_WARN_INT_CONVERSION = YES;
				CLANG_WARN_NON_LITERAL_NULL_CONVERSION = YES;
				CLANG_WARN_OBJC_LITERAL_CONVERSION = YES;
				CLANG_WARN_OBJC_ROOT_CLASS = YES_ERROR;
				CLANG_WARN_RANGE_LOOP_ANALYSIS = YES;
				CLANG_WARN_STRICT_PROTOTYPES = YES;
				CLANG_WARN_SUSPICIOUS_MOVE = YES;
				CLANG_WARN_UNGUARDED_AVAILABILITY = YES_AGGRESSIVE;
				CLANG_WARN_UNREACHABLE_CODE = YES;
				CLANG_WARN__DUPLICATE_METHOD_MATCH = YES;
				CODE_SIGN_IDENTITY = "iPhone Developer";
				COPY_PHASE_STRIP = NO;
				DEBUG_INFORMATION_FORMAT = "dwarf-with-dsym";
				ENABLE_NS_ASSERTIONS = NO;
				ENABLE_STRICT_OBJC_MSGSEND = YES;
				GCC_C_LANGUAGE_STANDARD = gnu11;
				GCC_NO_COMMON_BLOCKS = YES;
				GCC_WARN_64_TO_32_BIT_CONVERSION = YES;
				GCC_WARN_ABOUT_RETURN_TYPE = YES_ERROR;
				GCC_WARN_UNDECLARED_SELECTOR = YES;
				GCC_WARN_UNINITIALIZED_AUTOS = YES_AGGRESSIVE;
				GCC_WARN_UNUSED_FUNCTION = YES;
				GCC_WARN_UNUSED_VARIABLE = YES;
				IPHONEOS_DEPLOYMENT_TARGET = 11.2;
				MTL_ENABLE_DEBUG_INFO = NO;
				SDKROOT = iphoneos;
				VALIDATE_PRODUCT = YES;
			};
			name = Release;
		};
		1BBBA86E2043F46700648F0B /* Debug */ = {
			isa = XCBuildConfiguration;
			baseConfigurationReference = E800EE2240CFEAC7FB2D6D2B /* Pods-MyWork.debug.xcconfig */;
			buildSettings = {
				ASSETCATALOG_COMPILER_APPICON_NAME = AppIcon;
				CODE_SIGN_STYLE = Automatic;
				HEADER_SEARCH_PATHS = (
					"$(inherited)",
					"\"$(SRCROOT)/MyBook\"",
				);
				INFOPLIST_FILE = MyWork/Info.plist;
				LD_RUNPATH_SEARCH_PATHS = "$(inherited) @executable_path/Frameworks";
				PRODUCT_BUNDLE_IDENTIFIER = com.liyou.MyWork;
				PRODUCT_NAME = "$(TARGET_NAME)";
				TARGETED_DEVICE_FAMILY = "1,2";
			};
			name = Debug;
		};
		1BBBA86F2043F46700648F0B /* Release */ = {
			isa = XCBuildConfiguration;
			baseConfigurationReference = 878BE657FADD9B39846286E3 /* Pods-MyWork.release.xcconfig */;
			buildSettings = {
				ASSETCATALOG_COMPILER_APPICON_NAME = AppIcon;
				CODE_SIGN_STYLE = Automatic;
				HEADER_SEARCH_PATHS = (
					"$(inherited)",
					"\"$(SRCROOT)/MyBook\"",
				);
				INFOPLIST_FILE = MyWork/Info.plist;
				LD_RUNPATH_SEARCH_PATHS = "$(inherited) @executable_path/Frameworks";
				PRODUCT_BUNDLE_IDENTIFIER = com.liyou.MyWork;
				PRODUCT_NAME = "$(TARGET_NAME)";
				TARGETED_DEVICE_FAMILY = "1,2";
			};
			name = Release;
		};
/* End XCBuildConfiguration section */

/* Begin XCConfigurationList section */
		1BBBA8522043F46700648F0B /* Build configuration list for PBXProject "MyWork" */ = {
			isa = XCConfigurationList;
			buildConfigurations = (
				1BBBA86B2043F46700648F0B /* Debug */,
				1BBBA86C2043F46700648F0B /* Release */,
			);
			defaultConfigurationIsVisible = 0;
			defaultConfigurationName = Release;
		};
		1BBBA86D2043F46700648F0B /* Build configuration list for PBXNativeTarget "MyWork" */ = {
			isa = XCConfigurationList;
			buildConfigurations = (
				1BBBA86E2043F46700648F0B /* Debug */,
				1BBBA86F2043F46700648F0B /* Release */,
			);
			defaultConfigurationIsVisible = 0;
			defaultConfigurationName = Release;
		};
/* End XCConfigurationList section */
	};
	rootObject = 1BBBA84F2043F46700648F0B /* Project object */;
}
